
Microsoft Visual Studio Solution File, Format Version 12.00
# Visual Studio Version 16
VisualStudioVersion = 16.0.29911.84
MinimumVisualStudioVersion = 10.0.40219.1
Project("{FAE04EC0-301F-11D3-BF4B-00C04F79EFBC}") = "ImgComparer", "ImgComparer.csproj", "{E5966770-9CE8-4D02-A85D-5BC3C59D2F28}"
EndProject
Global
	GlobalSection(SolutionConfigurationPlatforms) = preSolution
		Debug|Any CPU = Debug|Any CPU
		Release|Any CPU = Release|Any CPU
	EndGlobalSection
	GlobalSection(ProjectConfigurationPlatforms) = postSolution
		{E5966770-9CE8-4D02-A85D-5BC3C59D2F28}.Debug|Any CPU.ActiveCfg = Debug|Any CPU
		{E5966770-9CE8-4D02-A85D-5BC3C59D2F28}.Debug|Any CPU.Build.0 = Debug|Any CPU
		{E5966770-9CE8-4D02-A85D-5BC3C59D2F28}.Release|Any CPU.ActiveCfg = Release|Any CPU
		{E5966770-9CE8-4D02-A85D-5BC3C59D2F28}.Release|Any CPU.Build.0 = Release|Any CPU
	EndGlobalSection
	GlobalSection(SolutionProperties) = preSolution
		HideSolutionNode = FALSE
	EndGlobalSection
	GlobalSection(ExtensibilityGlobals) = postSolution
		SolutionGuid = {4AB05788-4DBA-4F0A-9864-8A936B8C4489}
	EndGlobalSection
EndGlobal
